
Microsoft Visual Studio Solution File, Format Version 12.00
# Visual Studio Version 17
VisualStudioVersion = 17.10.34916.146
MinimumVisualStudioVersion = 10.0.40219.1
Project("{FAE04EC0-301F-11D3-BF4B-00C04F79EFBC}") = "Formularz", "Formularz\Formularz.csproj", "{BF491596-29A8-42F4-AA52-445A10DEDF4B}"
EndProject
Global
	GlobalSection(SolutionConfigurationPlatforms) = preSolution
		Debug|Any CPU = Debug|Any CPU
		Release|Any CPU = Release|Any CPU
	EndGlobalSection
	GlobalSection(ProjectConfigurationPlatforms) = postSolution
		{BF491596-29A8-42F4-AA52-445A10DEDF4B}.Debug|Any CPU.ActiveCfg = Debug|Any CPU
		{BF491596-29A8-42F4-AA52-445A10DEDF4B}.Debug|Any CPU.Build.0 = Debug|Any CPU
		{BF491596-29A8-42F4-AA52-445A10DEDF4B}.Release|Any CPU.ActiveCfg = Release|Any CPU
		{BF491596-29A8-42F4-AA52-445A10DEDF4B}.Release|Any CPU.Build.0 = Release|Any CPU
	EndGlobalSection
	GlobalSection(SolutionProperties) = preSolution
		HideSolutionNode = FALSE
	EndGlobalSection
	GlobalSection(ExtensibilityGlobals) = postSolution
		SolutionGuid = {B5179F2B-1DC4-4D20-9383-F3A7443F28FE}
	EndGlobalSection
EndGlobal
